// !$*UTF8*$!
{
	archiveVersion = 1;
	classes = {
	};
	objectVersion = 55;
	objects = {

/* Begin PBXBuildFile section */
		40412E37281BB604002309DD /* CharacterCellModelTests.swift in Sources */ = {isa = PBXBuildFile; fileRef = 40412E36281BB604002309DD /* CharacterCellModelTests.swift */; };
		40412E3D281BC906002309DD /* HomeViewModelTests.swift in Sources */ = {isa = PBXBuildFile; fileRef = 40412E3C281BC906002309DD /* HomeViewModelTests.swift */; };
		40412E40281BCD6C002309DD /* MockAppNavigator.swift in Sources */ = {isa = PBXBuildFile; fileRef = 40412E3F281BCD6C002309DD /* MockAppNavigator.swift */; };
		406B13F7281A5CA100945452 /* CharacterCellModel.swift in Sources */ = {isa = PBXBuildFile; fileRef = 406B13F6281A5CA100945452 /* CharacterCellModel.swift */; };
		406B13F9281A5FDC00945452 /* CharacterCell.swift in Sources */ = {isa = PBXBuildFile; fileRef = 406B13F8281A5FDC00945452 /* CharacterCell.swift */; };
		406B13FB281A60C800945452 /* ReusableView+Extensions.swift in Sources */ = {isa = PBXBuildFile; fileRef = 406B13FA281A60C800945452 /* ReusableView+Extensions.swift */; };
		406B13FD281A65F800945452 /* UILabel+Extensions.swift in Sources */ = {isa = PBXBuildFile; fileRef = 406B13FC281A65F800945452 /* UILabel+Extensions.swift */; };
		406B13FF281A6A2500945452 /* UIView+Extensions.swift in Sources */ = {isa = PBXBuildFile; fileRef = 406B13FE281A6A2500945452 /* UIView+Extensions.swift */; };
		406B1401281A6F2600945452 /* UIImageView+Extensions.swift in Sources */ = {isa = PBXBuildFile; fileRef = 406B1400281A6F2600945452 /* UIImageView+Extensions.swift */; };
		406B1403281A754600945452 /* HomeViewModel.swift in Sources */ = {isa = PBXBuildFile; fileRef = 406B1402281A754600945452 /* HomeViewModel.swift */; };
		406B1405281A787200945452 /* CartoonCharacter.swift in Sources */ = {isa = PBXBuildFile; fileRef = 406B1404281A787200945452 /* CartoonCharacter.swift */; };
		406B1407281A7AE700945452 /* CharacterCellModel+Extensions.swift in Sources */ = {isa = PBXBuildFile; fileRef = 406B1406281A7AE700945452 /* CharacterCellModel+Extensions.swift */; };
		406B140C281A8A1800945452 /* Font.swift in Sources */ = {isa = PBXBuildFile; fileRef = 406B140B281A8A1800945452 /* Font.swift */; };
		406B140E281A8F6300945452 /* Colors.xcassets in Resources */ = {isa = PBXBuildFile; fileRef = 406B140D281A8F6300945452 /* Colors.xcassets */; };
		406B1410281A905300945452 /* Icons.xcassets in Resources */ = {isa = PBXBuildFile; fileRef = 406B140F281A905300945452 /* Icons.xcassets */; };
		406B1412281A908600945452 /* Images.xcassets in Resources */ = {isa = PBXBuildFile; fileRef = 406B1411281A908600945452 /* Images.xcassets */; };
		406B1414281A90C100945452 /* UIColor+Colors.swift in Sources */ = {isa = PBXBuildFile; fileRef = 406B1413281A90C100945452 /* UIColor+Colors.swift */; };
		406B1416281A92B300945452 /* String+Extensions.swift in Sources */ = {isa = PBXBuildFile; fileRef = 406B1415281A92B300945452 /* String+Extensions.swift */; };
		406B1418281A9FB300945452 /* MainNavigationController.swift in Sources */ = {isa = PBXBuildFile; fileRef = 406B1417281A9FB300945452 /* MainNavigationController.swift */; };
		409928EF281AD0B50068E773 /* schema.json in Resources */ = {isa = PBXBuildFile; fileRef = 409928EE281AD0B50068E773 /* schema.json */; };
		409928F1281AD0DF0068E773 /* GetCharacters.graphql in Resources */ = {isa = PBXBuildFile; fileRef = 409928F0281AD0DF0068E773 /* GetCharacters.graphql */; };
		409928F4281AD2D00068E773 /* API.swift in Sources */ = {isa = PBXBuildFile; fileRef = 409928F3281AD2D00068E773 /* API.swift */; };
		40AD34C528196E9600F9D006 /* AppDelegate.swift in Sources */ = {isa = PBXBuildFile; fileRef = 40AD34C428196E9600F9D006 /* AppDelegate.swift */; };
		40AD34C728196E9600F9D006 /* SceneDelegate.swift in Sources */ = {isa = PBXBuildFile; fileRef = 40AD34C628196E9600F9D006 /* SceneDelegate.swift */; };
		40AD34CE28196E9800F9D006 /* Assets.xcassets in Resources */ = {isa = PBXBuildFile; fileRef = 40AD34CD28196E9800F9D006 /* Assets.xcassets */; };
		40AD34D128196E9800F9D006 /* LaunchScreen.storyboard in Resources */ = {isa = PBXBuildFile; fileRef = 40AD34CF28196E9800F9D006 /* LaunchScreen.storyboard */; };
		40AD34DA2819726C00F9D006 /* .swiftlint.yml in Resources */ = {isa = PBXBuildFile; fileRef = 40AD34D92819726C00F9D006 /* .swiftlint.yml */; };
		40AD34DC2819764C00F9D006 /* HomeViewController.swift in Sources */ = {isa = PBXBuildFile; fileRef = 40AD34DB2819764C00F9D006 /* HomeViewController.swift */; };
		40AD34E9281980E100F9D006 /* Logger.swift in Sources */ = {isa = PBXBuildFile; fileRef = 40AD34E8281980E000F9D006 /* Logger.swift */; };
		40AD34EB2819814400F9D006 /* ReusableView.swift in Sources */ = {isa = PBXBuildFile; fileRef = 40AD34EA2819814400F9D006 /* ReusableView.swift */; };
		40AD34ED281981A400F9D006 /* MainNavigator.swift in Sources */ = {isa = PBXBuildFile; fileRef = 40AD34EC281981A400F9D006 /* MainNavigator.swift */; };
		40AD34EF281981E200F9D006 /* AppNavigator.swift in Sources */ = {isa = PBXBuildFile; fileRef = 40AD34EE281981E200F9D006 /* AppNavigator.swift */; };
		40AD34F12819838300F9D006 /* UITableView+Extensions.swift in Sources */ = {isa = PBXBuildFile; fileRef = 40AD34F02819838300F9D006 /* UITableView+Extensions.swift */; };
		40AD34F42819A26300F9D006 /* UIImage+Icons.swift in Sources */ = {isa = PBXBuildFile; fileRef = 40AD34F32819A26300F9D006 /* UIImage+Icons.swift */; };
		40AD34F82819A6DA00F9D006 /* UIImage+Images.swift in Sources */ = {isa = PBXBuildFile; fileRef = 40AD34F72819A6DA00F9D006 /* UIImage+Images.swift */; };
		40AD34FB2819DA7300F9D006 /* Closures.swift in Sources */ = {isa = PBXBuildFile; fileRef = 40AD34FA2819DA7300F9D006 /* Closures.swift */; };
		40AD34FE2819DC2900F9D006 /* BaseViewModel.swift in Sources */ = {isa = PBXBuildFile; fileRef = 40AD34FD2819DC2900F9D006 /* BaseViewModel.swift */; };
		40AD35012819DC9000F9D006 /* NetworkService.swift in Sources */ = {isa = PBXBuildFile; fileRef = 40AD35002819DC9000F9D006 /* NetworkService.swift */; };
		40AD35072819DE6400F9D006 /* ActivityIndicatorView.swift in Sources */ = {isa = PBXBuildFile; fileRef = 40AD35062819DE6400F9D006 /* ActivityIndicatorView.swift */; };
		40AD350C2819DF7A00F9D006 /* ActivityIndicatorProtocol.swift in Sources */ = {isa = PBXBuildFile; fileRef = 40AD350B2819DF7A00F9D006 /* ActivityIndicatorProtocol.swift */; };
		40AD350E2819DFF200F9D006 /* BlockingActivityIndicator.swift in Sources */ = {isa = PBXBuildFile; fileRef = 40AD350D2819DFF200F9D006 /* BlockingActivityIndicator.swift */; };
		40AD35102819E06200F9D006 /* LoadingProtocol.swift in Sources */ = {isa = PBXBuildFile; fileRef = 40AD350F2819E06200F9D006 /* LoadingProtocol.swift */; };
		40AD35122819E3E600F9D006 /* UIApplication+Extensions.swift in Sources */ = {isa = PBXBuildFile; fileRef = 40AD35112819E3E600F9D006 /* UIApplication+Extensions.swift */; };
		40AD35142819E4A100F9D006 /* BaseViewController.swift in Sources */ = {isa = PBXBuildFile; fileRef = 40AD35132819E4A100F9D006 /* BaseViewController.swift */; };
		40AD351A2819EAFE00F9D006 /* Alert.swift in Sources */ = {isa = PBXBuildFile; fileRef = 40AD35192819EAFE00F9D006 /* Alert.swift */; };
		7A355CD6F001F924FEDAB3BC /* Pods_RickAndMorty.framework in Frameworks */ = {isa = PBXBuildFile; fileRef = F1EB2A0350F0A878DF445703 /* Pods_RickAndMorty.framework */; };
/* End PBXBuildFile section */

/* Begin PBXContainerItemProxy section */
		40412E31281BB5AA002309DD /* PBXContainerItemProxy */ = {
			isa = PBXContainerItemProxy;
			containerPortal = 40AD34B928196E9600F9D006 /* Project object */;
			proxyType = 1;
			remoteGlobalIDString = 40AD34C028196E9600F9D006;
			remoteInfo = RickAndMorty;
		};
/* End PBXContainerItemProxy section */

/* Begin PBXFileReference section */
		40412E2D281BB5AA002309DD /* RickAndMortyTests.xctest */ = {isa = PBXFileReference; explicitFileType = wrapper.cfbundle; includeInIndex = 0; path = RickAndMortyTests.xctest; sourceTree = BUILT_PRODUCTS_DIR; };
		40412E36281BB604002309DD /* CharacterCellModelTests.swift */ = {isa = PBXFileReference; lastKnownFileType = sourcecode.swift; path = CharacterCellModelTests.swift; sourceTree = "<group>"; };
		40412E3C281BC906002309DD /* HomeViewModelTests.swift */ = {isa = PBXFileReference; lastKnownFileType = sourcecode.swift; path = HomeViewModelTests.swift; sourceTree = "<group>"; };
		40412E3F281BCD6C002309DD /* MockAppNavigator.swift */ = {isa = PBXFileReference; lastKnownFileType = sourcecode.swift; path = MockAppNavigator.swift; sourceTree = "<group>"; };
		406B13F6281A5CA100945452 /* CharacterCellModel.swift */ = {isa = PBXFileReference; lastKnownFileType = sourcecode.swift; path = CharacterCellModel.swift; sourceTree = "<group>"; };
		406B13F8281A5FDC00945452 /* CharacterCell.swift */ = {isa = PBXFileReference; lastKnownFileType = sourcecode.swift; path = CharacterCell.swift; sourceTree = "<group>"; };
		406B13FA281A60C800945452 /* ReusableView+Extensions.swift */ = {isa = PBXFileReference; lastKnownFileType = sourcecode.swift; path = "ReusableView+Extensions.swift"; sourceTree = "<group>"; };
		406B13FC281A65F800945452 /* UILabel+Extensions.swift */ = {isa = PBXFileReference; lastKnownFileType = sourcecode.swift; path = "UILabel+Extensions.swift"; sourceTree = "<group>"; };
		406B13FE281A6A2500945452 /* UIView+Extensions.swift */ = {isa = PBXFileReference; lastKnownFileType = sourcecode.swift; path = "UIView+Extensions.swift"; sourceTree = "<group>"; };
		406B1400281A6F2600945452 /* UIImageView+Extensions.swift */ = {isa = PBXFileReference; lastKnownFileType = sourcecode.swift; path = "UIImageView+Extensions.swift"; sourceTree = "<group>"; };
		406B1402281A754600945452 /* HomeViewModel.swift */ = {isa = PBXFileReference; lastKnownFileType = sourcecode.swift; path = HomeViewModel.swift; sourceTree = "<group>"; };
		406B1404281A787200945452 /* CartoonCharacter.swift */ = {isa = PBXFileReference; lastKnownFileType = sourcecode.swift; path = CartoonCharacter.swift; sourceTree = "<group>"; };
		406B1406281A7AE700945452 /* CharacterCellModel+Extensions.swift */ = {isa = PBXFileReference; lastKnownFileType = sourcecode.swift; path = "CharacterCellModel+Extensions.swift"; sourceTree = "<group>"; };
		406B1409281A898900945452 /* Roboto-Regular.ttf */ = {isa = PBXFileReference; lastKnownFileType = file; path = "Roboto-Regular.ttf"; sourceTree = "<group>"; };
		406B140A281A899200945452 /* Roboto-Bold.ttf */ = {isa = PBXFileReference; lastKnownFileType = file; path = "Roboto-Bold.ttf"; sourceTree = "<group>"; };
		406B140B281A8A1800945452 /* Font.swift */ = {isa = PBXFileReference; lastKnownFileType = sourcecode.swift; path = Font.swift; sourceTree = "<group>"; };
		406B140D281A8F6300945452 /* Colors.xcassets */ = {isa = PBXFileReference; lastKnownFileType = folder.assetcatalog; path = Colors.xcassets; sourceTree = "<group>"; };
		406B140F281A905300945452 /* Icons.xcassets */ = {isa = PBXFileReference; lastKnownFileType = folder.assetcatalog; path = Icons.xcassets; sourceTree = "<group>"; };
		406B1411281A908600945452 /* Images.xcassets */ = {isa = PBXFileReference; lastKnownFileType = folder.assetcatalog; path = Images.xcassets; sourceTree = "<group>"; };
		406B1413281A90C100945452 /* UIColor+Colors.swift */ = {isa = PBXFileReference; lastKnownFileType = sourcecode.swift; path = "UIColor+Colors.swift"; sourceTree = "<group>"; };
		406B1415281A92B300945452 /* String+Extensions.swift */ = {isa = PBXFileReference; lastKnownFileType = sourcecode.swift; path = "String+Extensions.swift"; sourceTree = "<group>"; };
		406B1417281A9FB300945452 /* MainNavigationController.swift */ = {isa = PBXFileReference; lastKnownFileType = sourcecode.swift; path = MainNavigationController.swift; sourceTree = "<group>"; };
		409928EE281AD0B50068E773 /* schema.json */ = {isa = PBXFileReference; fileEncoding = 4; lastKnownFileType = text.json; path = schema.json; sourceTree = "<group>"; };
		409928F0281AD0DF0068E773 /* GetCharacters.graphql */ = {isa = PBXFileReference; lastKnownFileType = text; path = GetCharacters.graphql; sourceTree = "<group>"; };
		409928F3281AD2D00068E773 /* API.swift */ = {isa = PBXFileReference; fileEncoding = 4; lastKnownFileType = sourcecode.swift; path = API.swift; sourceTree = "<group>"; };
		40AD34C128196E9600F9D006 /* RickAndMorty.app */ = {isa = PBXFileReference; explicitFileType = wrapper.application; includeInIndex = 0; path = RickAndMorty.app; sourceTree = BUILT_PRODUCTS_DIR; };
		40AD34C428196E9600F9D006 /* AppDelegate.swift */ = {isa = PBXFileReference; lastKnownFileType = sourcecode.swift; path = AppDelegate.swift; sourceTree = "<group>"; };
		40AD34C628196E9600F9D006 /* SceneDelegate.swift */ = {isa = PBXFileReference; lastKnownFileType = sourcecode.swift; path = SceneDelegate.swift; sourceTree = "<group>"; };
		40AD34CD28196E9800F9D006 /* Assets.xcassets */ = {isa = PBXFileReference; lastKnownFileType = folder.assetcatalog; path = Assets.xcassets; sourceTree = "<group>"; };
		40AD34D028196E9800F9D006 /* Base */ = {isa = PBXFileReference; lastKnownFileType = file.storyboard; name = Base; path = Base.lproj/LaunchScreen.storyboard; sourceTree = "<group>"; };
		40AD34D228196E9800F9D006 /* Info.plist */ = {isa = PBXFileReference; lastKnownFileType = text.plist.xml; path = Info.plist; sourceTree = "<group>"; };
		40AD34D92819726C00F9D006 /* .swiftlint.yml */ = {isa = PBXFileReference; fileEncoding = 4; lastKnownFileType = text.yaml; path = .swiftlint.yml; sourceTree = "<group>"; };
		40AD34DB2819764C00F9D006 /* HomeViewController.swift */ = {isa = PBXFileReference; lastKnownFileType = sourcecode.swift; path = HomeViewController.swift; sourceTree = "<group>"; };
		40AD34E8281980E000F9D006 /* Logger.swift */ = {isa = PBXFileReference; lastKnownFileType = sourcecode.swift; path = Logger.swift; sourceTree = "<group>"; };
		40AD34EA2819814400F9D006 /* ReusableView.swift */ = {isa = PBXFileReference; lastKnownFileType = sourcecode.swift; path = ReusableView.swift; sourceTree = "<group>"; };
		40AD34EC281981A400F9D006 /* MainNavigator.swift */ = {isa = PBXFileReference; lastKnownFileType = sourcecode.swift; path = MainNavigator.swift; sourceTree = "<group>"; };
		40AD34EE281981E200F9D006 /* AppNavigator.swift */ = {isa = PBXFileReference; lastKnownFileType = sourcecode.swift; path = AppNavigator.swift; sourceTree = "<group>"; };
		40AD34F02819838300F9D006 /* UITableView+Extensions.swift */ = {isa = PBXFileReference; lastKnownFileType = sourcecode.swift; path = "UITableView+Extensions.swift"; sourceTree = "<group>"; };
		40AD34F32819A26300F9D006 /* UIImage+Icons.swift */ = {isa = PBXFileReference; lastKnownFileType = sourcecode.swift; path = "UIImage+Icons.swift"; sourceTree = "<group>"; };
		40AD34F72819A6DA00F9D006 /* UIImage+Images.swift */ = {isa = PBXFileReference; lastKnownFileType = sourcecode.swift; path = "UIImage+Images.swift"; sourceTree = "<group>"; };
		40AD34FA2819DA7300F9D006 /* Closures.swift */ = {isa = PBXFileReference; lastKnownFileType = sourcecode.swift; path = Closures.swift; sourceTree = "<group>"; };
		40AD34FD2819DC2900F9D006 /* BaseViewModel.swift */ = {isa = PBXFileReference; lastKnownFileType = sourcecode.swift; path = BaseViewModel.swift; sourceTree = "<group>"; };
		40AD35002819DC9000F9D006 /* NetworkService.swift */ = {isa = PBXFileReference; lastKnownFileType = sourcecode.swift; path = NetworkService.swift; sourceTree = "<group>"; };
		40AD35062819DE6400F9D006 /* ActivityIndicatorView.swift */ = {isa = PBXFileReference; lastKnownFileType = sourcecode.swift; path = ActivityIndicatorView.swift; sourceTree = "<group>"; };
		40AD350B2819DF7A00F9D006 /* ActivityIndicatorProtocol.swift */ = {isa = PBXFileReference; lastKnownFileType = sourcecode.swift; path = ActivityIndicatorProtocol.swift; sourceTree = "<group>"; };
		40AD350D2819DFF200F9D006 /* BlockingActivityIndicator.swift */ = {isa = PBXFileReference; lastKnownFileType = sourcecode.swift; path = BlockingActivityIndicator.swift; sourceTree = "<group>"; };
		40AD350F2819E06200F9D006 /* LoadingProtocol.swift */ = {isa = PBXFileReference; lastKnownFileType = sourcecode.swift; path = LoadingProtocol.swift; sourceTree = "<group>"; };
		40AD35112819E3E600F9D006 /* UIApplication+Extensions.swift */ = {isa = PBXFileReference; lastKnownFileType = sourcecode.swift; path = "UIApplication+Extensions.swift"; sourceTree = "<group>"; };
		40AD35132819E4A100F9D006 /* BaseViewController.swift */ = {isa = PBXFileReference; lastKnownFileType = sourcecode.swift; path = BaseViewController.swift; sourceTree = "<group>"; };
		40AD35192819EAFE00F9D006 /* Alert.swift */ = {isa = PBXFileReference; lastKnownFileType = sourcecode.swift; path = Alert.swift; sourceTree = "<group>"; };
		C1B3777825FF83AB44EA6BBF /* Pods-RickAndMorty.release.xcconfig */ = {isa = PBXFileReference; includeInIndex = 1; lastKnownFileType = text.xcconfig; name = "Pods-RickAndMorty.release.xcconfig"; path = "Target Support Files/Pods-RickAndMorty/Pods-RickAndMorty.release.xcconfig"; sourceTree = "<group>"; };
		C678AF68B660658F5FDCA30E /* Pods-RickAndMorty.debug.xcconfig */ = {isa = PBXFileReference; includeInIndex = 1; lastKnownFileType = text.xcconfig; name = "Pods-RickAndMorty.debug.xcconfig"; path = "Target Support Files/Pods-RickAndMorty/Pods-RickAndMorty.debug.xcconfig"; sourceTree = "<group>"; };
		F1EB2A0350F0A878DF445703 /* Pods_RickAndMorty.framework */ = {isa = PBXFileReference; explicitFileType = wrapper.framework; includeInIndex = 0; path = Pods_RickAndMorty.framework; sourceTree = BUILT_PRODUCTS_DIR; };
/* End PBXFileReference section */

/* Begin PBXFrameworksBuildPhase section */
		40412E2A281BB5AA002309DD /* Frameworks */ = {
			isa = PBXFrameworksBuildPhase;
			buildActionMask = 2147483647;
			files = (
			);
			runOnlyForDeploymentPostprocessing = 0;
		};
		40AD34BE28196E9600F9D006 /* Frameworks */ = {
			isa = PBXFrameworksBuildPhase;
			buildActionMask = 2147483647;
			files = (
				7A355CD6F001F924FEDAB3BC /* Pods_RickAndMorty.framework in Frameworks */,
			);
			runOnlyForDeploymentPostprocessing = 0;
		};
/* End PBXFrameworksBuildPhase section */

/* Begin PBXGroup section */
		40412E2E281BB5AA002309DD /* RickAndMortyTests */ = {
			isa = PBXGroup;
			children = (
				40412E3E281BCD59002309DD /* Mocks */,
				40412E38281BC77A002309DD /* Cell */,
				40412E39281BC877002309DD /* Scenes */,
			);
			path = RickAndMortyTests;
			sourceTree = "<group>";
		};
		40412E38281BC77A002309DD /* Cell */ = {
			isa = PBXGroup;
			children = (
				40412E36281BB604002309DD /* CharacterCellModelTests.swift */,
			);
			path = Cell;
			sourceTree = "<group>";
		};
		40412E39281BC877002309DD /* Scenes */ = {
			isa = PBXGroup;
			children = (
				40412E3B281BC8F0002309DD /* Home */,
			);
			path = Scenes;
			sourceTree = "<group>";
		};
		40412E3A281BC8A0002309DD /* Character */ = {
			isa = PBXGroup;
			children = (
				406B13F8281A5FDC00945452 /* CharacterCell.swift */,
				406B13F6281A5CA100945452 /* CharacterCellModel.swift */,
				406B1406281A7AE700945452 /* CharacterCellModel+Extensions.swift */,
			);
			path = Character;
			sourceTree = "<group>";
		};
		40412E3B281BC8F0002309DD /* Home */ = {
			isa = PBXGroup;
			children = (
				40412E3C281BC906002309DD /* HomeViewModelTests.swift */,
			);
			path = Home;
			sourceTree = "<group>";
		};
		40412E3E281BCD59002309DD /* Mocks */ = {
			isa = PBXGroup;
			children = (
				40412E3F281BCD6C002309DD /* MockAppNavigator.swift */,
			);
			path = Mocks;
			sourceTree = "<group>";
		};
		406B13F4281A5B6400945452 /* Home */ = {
			isa = PBXGroup;
			children = (
				40AD34DB2819764C00F9D006 /* HomeViewController.swift */,
				406B1402281A754600945452 /* HomeViewModel.swift */,
			);
			path = Home;
			sourceTree = "<group>";
		};
		406B13F5281A5B7B00945452 /* Cells */ = {
			isa = PBXGroup;
			children = (
				40412E3A281BC8A0002309DD /* Character */,
			);
			path = Cells;
			sourceTree = "<group>";
		};
		406B1408281A897100945452 /* Fonts */ = {
			isa = PBXGroup;
			children = (
				406B1409281A898900945452 /* Roboto-Regular.ttf */,
				406B140A281A899200945452 /* Roboto-Bold.ttf */,
				406B140B281A8A1800945452 /* Font.swift */,
			);
			path = Fonts;
			sourceTree = "<group>";
		};
		409928ED281AD08C0068E773 /* GraphQL */ = {
			isa = PBXGroup;
			children = (
				409928F3281AD2D00068E773 /* API.swift */,
				409928EE281AD0B50068E773 /* schema.json */,
				409928F0281AD0DF0068E773 /* GetCharacters.graphql */,
			);
			path = GraphQL;
			sourceTree = "<group>";
		};
		40AD34B828196E9600F9D006 = {
			isa = PBXGroup;
			children = (
				40AD34D92819726C00F9D006 /* .swiftlint.yml */,
				40AD34C328196E9600F9D006 /* RickAndMorty */,
				40412E2E281BB5AA002309DD /* RickAndMortyTests */,
				40AD34C228196E9600F9D006 /* Products */,
				44BC031C3C743A8CC81D9784 /* Pods */,
				7E47BE1D6A4F14C002098533 /* Frameworks */,
			);
			sourceTree = "<group>";
		};
		40AD34C228196E9600F9D006 /* Products */ = {
			isa = PBXGroup;
			children = (
				40AD34C128196E9600F9D006 /* RickAndMorty.app */,
				40412E2D281BB5AA002309DD /* RickAndMortyTests.xctest */,
			);
			name = Products;
			sourceTree = "<group>";
		};
		40AD34C328196E9600F9D006 /* RickAndMorty */ = {
			isa = PBXGroup;
			children = (
				40AD34D228196E9800F9D006 /* Info.plist */,
				409928ED281AD08C0068E773 /* GraphQL */,
				40AD34DE28197AF900F9D006 /* Main */,
				40AD34E62819809B00F9D006 /* Utilities */,
				40AD34E128197C6500F9D006 /* Models */,
				40AD34FF2819DC7100F9D006 /* Services */,
				40AD34E028197C3300F9D006 /* UIComponents */,
				40AD34DF28197C2400F9D006 /* Scenes */,
				40AD34E428197DB400F9D006 /* Resources */,
			);
			path = RickAndMorty;
			sourceTree = "<group>";
		};
		40AD34DE28197AF900F9D006 /* Main */ = {
			isa = PBXGroup;
			children = (
				40AD34C428196E9600F9D006 /* AppDelegate.swift */,
				40AD34C628196E9600F9D006 /* SceneDelegate.swift */,
			);
			path = Main;
			sourceTree = "<group>";
		};
		40AD34DF28197C2400F9D006 /* Scenes */ = {
			isa = PBXGroup;
			children = (
				40AD34FC2819DC1B00F9D006 /* Base */,
				406B13F4281A5B6400945452 /* Home */,
			);
			path = Scenes;
			sourceTree = "<group>";
		};
		40AD34E028197C3300F9D006 /* UIComponents */ = {
			isa = PBXGroup;
			children = (
				406B13F5281A5B7B00945452 /* Cells */,
				40AD350A2819DF6700F9D006 /* Loading */,
				40AD35052819DE3800F9D006 /* UIActivityIndicatorView */,
			);
			path = UIComponents;
			sourceTree = "<group>";
		};
		40AD34E128197C6500F9D006 /* Models */ = {
			isa = PBXGroup;
			children = (
				406B1404281A787200945452 /* CartoonCharacter.swift */,
			);
			path = Models;
			sourceTree = "<group>";
		};
		40AD34E228197C6A00F9D006 /* Extensions */ = {
			isa = PBXGroup;
			children = (
				40AD34F02819838300F9D006 /* UITableView+Extensions.swift */,
				40AD35112819E3E600F9D006 /* UIApplication+Extensions.swift */,
				406B13FA281A60C800945452 /* ReusableView+Extensions.swift */,
				406B13FC281A65F800945452 /* UILabel+Extensions.swift */,
				406B13FE281A6A2500945452 /* UIView+Extensions.swift */,
				406B1400281A6F2600945452 /* UIImageView+Extensions.swift */,
				406B1415281A92B300945452 /* String+Extensions.swift */,
			);
			path = Extensions;
			sourceTree = "<group>";
		};
		40AD34E328197D4F00F9D006 /* Navigator */ = {
			isa = PBXGroup;
			children = (
				40AD34EE281981E200F9D006 /* AppNavigator.swift */,
			);
			path = Navigator;
			sourceTree = "<group>";
		};
		40AD34E428197DB400F9D006 /* Resources */ = {
			isa = PBXGroup;
			children = (
				406B1408281A897100945452 /* Fonts */,
				40AD34F228198FF600F9D006 /* Assets */,
				40AD34CF28196E9800F9D006 /* LaunchScreen.storyboard */,
			);
			path = Resources;
			sourceTree = "<group>";
		};
		40AD34E528197F8B00F9D006 /* Protocol */ = {
			isa = PBXGroup;
			children = (
				40AD34EA2819814400F9D006 /* ReusableView.swift */,
				40AD34EC281981A400F9D006 /* MainNavigator.swift */,
			);
			path = Protocol;
			sourceTree = "<group>";
		};
		40AD34E62819809B00F9D006 /* Utilities */ = {
			isa = PBXGroup;
			children = (
				40AD35182819EAF400F9D006 /* Alert */,
				40AD34F92819DA5A00F9D006 /* Constants */,
				40AD34E7281980D400F9D006 /* Logger */,
				40AD34E228197C6A00F9D006 /* Extensions */,
				40AD34E328197D4F00F9D006 /* Navigator */,
				40AD34E528197F8B00F9D006 /* Protocol */,
			);
			path = Utilities;
			sourceTree = "<group>";
		};
		40AD34E7281980D400F9D006 /* Logger */ = {
			isa = PBXGroup;
			children = (
				40AD34E8281980E000F9D006 /* Logger.swift */,
			);
			path = Logger;
			sourceTree = "<group>";
		};
		40AD34F228198FF600F9D006 /* Assets */ = {
			isa = PBXGroup;
			children = (
				40AD34CD28196E9800F9D006 /* Assets.xcassets */,
				406B140D281A8F6300945452 /* Colors.xcassets */,
				406B140F281A905300945452 /* Icons.xcassets */,
				406B1411281A908600945452 /* Images.xcassets */,
				40AD34F32819A26300F9D006 /* UIImage+Icons.swift */,
				40AD34F72819A6DA00F9D006 /* UIImage+Images.swift */,
				406B1413281A90C100945452 /* UIColor+Colors.swift */,
			);
			path = Assets;
			sourceTree = "<group>";
		};
		40AD34F92819DA5A00F9D006 /* Constants */ = {
			isa = PBXGroup;
			children = (
				40AD34FA2819DA7300F9D006 /* Closures.swift */,
			);
			path = Constants;
			sourceTree = "<group>";
		};
		40AD34FC2819DC1B00F9D006 /* Base */ = {
			isa = PBXGroup;
			children = (
				406B1417281A9FB300945452 /* MainNavigationController.swift */,
				40AD34FD2819DC2900F9D006 /* BaseViewModel.swift */,
				40AD35132819E4A100F9D006 /* BaseViewController.swift */,
			);
			path = Base;
			sourceTree = "<group>";
		};
		40AD34FF2819DC7100F9D006 /* Services */ = {
			isa = PBXGroup;
			children = (
				40AD35002819DC9000F9D006 /* NetworkService.swift */,
			);
			path = Services;
			sourceTree = "<group>";
		};
		40AD35052819DE3800F9D006 /* UIActivityIndicatorView */ = {
			isa = PBXGroup;
			children = (
				40AD35062819DE6400F9D006 /* ActivityIndicatorView.swift */,
			);
			path = UIActivityIndicatorView;
			sourceTree = "<group>";
		};
		40AD350A2819DF6700F9D006 /* Loading */ = {
			isa = PBXGroup;
			children = (
				40AD350B2819DF7A00F9D006 /* ActivityIndicatorProtocol.swift */,
				40AD350F2819E06200F9D006 /* LoadingProtocol.swift */,
				40AD350D2819DFF200F9D006 /* BlockingActivityIndicator.swift */,
			);
			path = Loading;
			sourceTree = "<group>";
		};
		40AD35182819EAF400F9D006 /* Alert */ = {
			isa = PBXGroup;
			children = (
				40AD35192819EAFE00F9D006 /* Alert.swift */,
			);
			path = Alert;
			sourceTree = "<group>";
		};
		44BC031C3C743A8CC81D9784 /* Pods */ = {
			isa = PBXGroup;
			children = (
				C678AF68B660658F5FDCA30E /* Pods-RickAndMorty.debug.xcconfig */,
				C1B3777825FF83AB44EA6BBF /* Pods-RickAndMorty.release.xcconfig */,
			);
			path = Pods;
			sourceTree = "<group>";
		};
		7E47BE1D6A4F14C002098533 /* Frameworks */ = {
			isa = PBXGroup;
			children = (
				F1EB2A0350F0A878DF445703 /* Pods_RickAndMorty.framework */,
			);
			name = Frameworks;
			sourceTree = "<group>";
		};
/* End PBXGroup section */

/* Begin PBXNativeTarget section */
		40412E2C281BB5AA002309DD /* RickAndMortyTests */ = {
			isa = PBXNativeTarget;
			buildConfigurationList = 40412E35281BB5AA002309DD /* Build configuration list for PBXNativeTarget "RickAndMortyTests" */;
			buildPhases = (
				40412E29281BB5AA002309DD /* Sources */,
				40412E2A281BB5AA002309DD /* Frameworks */,
				40412E2B281BB5AA002309DD /* Resources */,
			);
			buildRules = (
			);
			dependencies = (
				40412E32281BB5AA002309DD /* PBXTargetDependency */,
			);
			name = RickAndMortyTests;
			productName = RickAndMortyTests;
			productReference = 40412E2D281BB5AA002309DD /* RickAndMortyTests.xctest */;
			productType = "com.apple.product-type.bundle.unit-test";
		};
		40AD34C028196E9600F9D006 /* RickAndMorty */ = {
			isa = PBXNativeTarget;
			buildConfigurationList = 40AD34D528196E9800F9D006 /* Build configuration list for PBXNativeTarget "RickAndMorty" */;
			buildPhases = (
				409928F2281AD10F0068E773 /* Generate Apollo GraphQL API */,
				44EA98FC6B0AA6D7D8901595 /* [CP] Check Pods Manifest.lock */,
				40AD34BD28196E9600F9D006 /* Sources */,
				40AD34BE28196E9600F9D006 /* Frameworks */,
				40AD34BF28196E9600F9D006 /* Resources */,
				40AD34D82819709E00F9D006 /* Swiftlint */,
				67D66469C5A0D808C1058DED /* [CP] Embed Pods Frameworks */,
			);
			buildRules = (
			);
			dependencies = (
			);
			name = RickAndMorty;
			productName = RickAndMorty;
			productReference = 40AD34C128196E9600F9D006 /* RickAndMorty.app */;
			productType = "com.apple.product-type.application";
		};
/* End PBXNativeTarget section */

/* Begin PBXProject section */
		40AD34B928196E9600F9D006 /* Project object */ = {
			isa = PBXProject;
			attributes = {
				BuildIndependentTargetsInParallel = 1;
				LastSwiftUpdateCheck = 1330;
				LastUpgradeCheck = 1330;
				ORGANIZATIONNAME = "Nazmi Yavuz";
				TargetAttributes = {
					40412E2C281BB5AA002309DD = {
						CreatedOnToolsVersion = 13.3.1;
						TestTargetID = 40AD34C028196E9600F9D006;
					};
					40AD34C028196E9600F9D006 = {
						CreatedOnToolsVersion = 13.3.1;
					};
				};
			};
			buildConfigurationList = 40AD34BC28196E9600F9D006 /* Build configuration list for PBXProject "RickAndMorty" */;
			compatibilityVersion = "Xcode 13.0";
			developmentRegion = en;
			hasScannedForEncodings = 0;
			knownRegions = (
				en,
				Base,
			);
			mainGroup = 40AD34B828196E9600F9D006;
			productRefGroup = 40AD34C228196E9600F9D006 /* Products */;
			projectDirPath = "";
			projectRoot = "";
			targets = (
				40AD34C028196E9600F9D006 /* RickAndMorty */,
				40412E2C281BB5AA002309DD /* RickAndMortyTests */,
			);
		};
/* End PBXProject section */

/* Begin PBXResourcesBuildPhase section */
		40412E2B281BB5AA002309DD /* Resources */ = {
			isa = PBXResourcesBuildPhase;
			buildActionMask = 2147483647;
			files = (
			);
			runOnlyForDeploymentPostprocessing = 0;
		};
		40AD34BF28196E9600F9D006 /* Resources */ = {
			isa = PBXResourcesBuildPhase;
			buildActionMask = 2147483647;
			files = (
				409928EF281AD0B50068E773 /* schema.json in Resources */,
				40AD34DA2819726C00F9D006 /* .swiftlint.yml in Resources */,
				409928F1281AD0DF0068E773 /* GetCharacters.graphql in Resources */,
				406B140E281A8F6300945452 /* Colors.xcassets in Resources */,
				40AD34D128196E9800F9D006 /* LaunchScreen.storyboard in Resources */,
				406B1412281A908600945452 /* Images.xcassets in Resources */,
				40AD34CE28196E9800F9D006 /* Assets.xcassets in Resources */,
				406B1410281A905300945452 /* Icons.xcassets in Resources */,
			);
			runOnlyForDeploymentPostprocessing = 0;
		};
/* End PBXResourcesBuildPhase section */

/* Begin PBXShellScriptBuildPhase section */
		409928F2281AD10F0068E773 /* Generate Apollo GraphQL API */ = {
			isa = PBXShellScriptBuildPhase;
			buildActionMask = 2147483647;
			files = (
			);
			inputFileListPaths = (
			);
			inputPaths = (
			);
			name = "Generate Apollo GraphQL API";
			outputFileListPaths = (
			);
			outputPaths = (
			);
			runOnlyForDeploymentPostprocessing = 0;
			shellPath = /bin/sh;
			shellScript = "# Don't run this during index builds\nif [ $ACTION = \"indexbuild\" ]; then exit 0; fi\n\nSCRIPT_PATH=\"${PODS_ROOT}/Apollo/scripts\"\ncd \"${SRCROOT}/RickAndMorty/GraphQL\"\n\"${SCRIPT_PATH}\"/run-bundled-codegen.sh codegen:generate --target=swift --includes=./**/*.graphql --localSchemaFile=\"schema.json\" API.swift\n";
		};
		40AD34D82819709E00F9D006 /* Swiftlint */ = {
			isa = PBXShellScriptBuildPhase;
			buildActionMask = 2147483647;
			files = (
			);
			inputFileListPaths = (
			);
			inputPaths = (
			);
			name = Swiftlint;
			outputFileListPaths = (
			);
			outputPaths = (
			);
			runOnlyForDeploymentPostprocessing = 0;
			shellPath = /bin/sh;
			shellScript = "\"${PODS_ROOT}/SwiftLint/swiftlint\"\n";
		};
		44EA98FC6B0AA6D7D8901595 /* [CP] Check Pods Manifest.lock */ = {
			isa = PBXShellScriptBuildPhase;
			buildActionMask = 2147483647;
			files = (
			);
			inputFileListPaths = (
			);
			inputPaths = (
				"${PODS_PODFILE_DIR_PATH}/Podfile.lock",
				"${PODS_ROOT}/Manifest.lock",
			);
			name = "[CP] Check Pods Manifest.lock";
			outputFileListPaths = (
			);
			outputPaths = (
				"$(DERIVED_FILE_DIR)/Pods-RickAndMorty-checkManifestLockResult.txt",
			);
			runOnlyForDeploymentPostprocessing = 0;
			shellPath = /bin/sh;
			shellScript = "diff \"${PODS_PODFILE_DIR_PATH}/Podfile.lock\" \"${PODS_ROOT}/Manifest.lock\" > /dev/null\nif [ $? != 0 ] ; then\n    # print error to STDERR\n    echo \"error: The sandbox is not in sync with the Podfile.lock. Run 'pod install' or update your CocoaPods installation.\" >&2\n    exit 1\nfi\n# This output is used by Xcode 'outputs' to avoid re-running this script phase.\necho \"SUCCESS\" > \"${SCRIPT_OUTPUT_FILE_0}\"\n";
			showEnvVarsInLog = 0;
		};
		67D66469C5A0D808C1058DED /* [CP] Embed Pods Frameworks */ = {
			isa = PBXShellScriptBuildPhase;
			buildActionMask = 2147483647;
			files = (
			);
			inputFileListPaths = (
				"${PODS_ROOT}/Target Support Files/Pods-RickAndMorty/Pods-RickAndMorty-frameworks-${CONFIGURATION}-input-files.xcfilelist",
			);
			name = "[CP] Embed Pods Frameworks";
			outputFileListPaths = (
				"${PODS_ROOT}/Target Support Files/Pods-RickAndMorty/Pods-RickAndMorty-frameworks-${CONFIGURATION}-output-files.xcfilelist",
			);
			runOnlyForDeploymentPostprocessing = 0;
			shellPath = /bin/sh;
			shellScript = "\"${PODS_ROOT}/Target Support Files/Pods-RickAndMorty/Pods-RickAndMorty-frameworks.sh\"\n";
			showEnvVarsInLog = 0;
		};
/* End PBXShellScriptBuildPhase section */

/* Begin PBXSourcesBuildPhase section */
		40412E29281BB5AA002309DD /* Sources */ = {
			isa = PBXSourcesBuildPhase;
			buildActionMask = 2147483647;
			files = (
				40412E40281BCD6C002309DD /* MockAppNavigator.swift in Sources */,
				40412E37281BB604002309DD /* CharacterCellModelTests.swift in Sources */,
				40412E3D281BC906002309DD /* HomeViewModelTests.swift in Sources */,
			);
			runOnlyForDeploymentPostprocessing = 0;
		};
		40AD34BD28196E9600F9D006 /* Sources */ = {
			isa = PBXSourcesBuildPhase;
			buildActionMask = 2147483647;
			files = (
				406B1401281A6F2600945452 /* UIImageView+Extensions.swift in Sources */,
				40AD35102819E06200F9D006 /* LoadingProtocol.swift in Sources */,
				40AD35142819E4A100F9D006 /* BaseViewController.swift in Sources */,
				406B1418281A9FB300945452 /* MainNavigationController.swift in Sources */,
				406B13FF281A6A2500945452 /* UIView+Extensions.swift in Sources */,
				406B1416281A92B300945452 /* String+Extensions.swift in Sources */,
				40AD34C528196E9600F9D006 /* AppDelegate.swift in Sources */,
				406B13F9281A5FDC00945452 /* CharacterCell.swift in Sources */,
				406B1414281A90C100945452 /* UIColor+Colors.swift in Sources */,
				40AD35122819E3E600F9D006 /* UIApplication+Extensions.swift in Sources */,
				40AD34F82819A6DA00F9D006 /* UIImage+Images.swift in Sources */,
				40AD34EB2819814400F9D006 /* ReusableView.swift in Sources */,
				40AD34EF281981E200F9D006 /* AppNavigator.swift in Sources */,
				406B1403281A754600945452 /* HomeViewModel.swift in Sources */,
				40AD34F12819838300F9D006 /* UITableView+Extensions.swift in Sources */,
				40AD34FE2819DC2900F9D006 /* BaseViewModel.swift in Sources */,
				40AD34C728196E9600F9D006 /* SceneDelegate.swift in Sources */,
				40AD34F42819A26300F9D006 /* UIImage+Icons.swift in Sources */,
				406B13FD281A65F800945452 /* UILabel+Extensions.swift in Sources */,
				406B140C281A8A1800945452 /* Font.swift in Sources */,
				406B1405281A787200945452 /* CartoonCharacter.swift in Sources */,
				40AD34DC2819764C00F9D006 /* HomeViewController.swift in Sources */,
				40AD34ED281981A400F9D006 /* MainNavigator.swift in Sources */,
				40AD34E9281980E100F9D006 /* Logger.swift in Sources */,
				40AD35012819DC9000F9D006 /* NetworkService.swift in Sources */,
				406B1407281A7AE700945452 /* CharacterCellModel+Extensions.swift in Sources */,
				40AD34FB2819DA7300F9D006 /* Closures.swift in Sources */,
				406B13F7281A5CA100945452 /* CharacterCellModel.swift in Sources */,
				40AD350E2819DFF200F9D006 /* BlockingActivityIndicator.swift in Sources */,
				40AD35072819DE6400F9D006 /* ActivityIndicatorView.swift in Sources */,
				40AD351A2819EAFE00F9D006 /* Alert.swift in Sources */,
				40AD350C2819DF7A00F9D006 /* ActivityIndicatorProtocol.swift in Sources */,
				409928F4281AD2D00068E773 /* API.swift in Sources */,
				406B13FB281A60C800945452 /* ReusableView+Extensions.swift in Sources */,
			);
			runOnlyForDeploymentPostprocessing = 0;
		};
/* End PBXSourcesBuildPhase section */

/* Begin PBXTargetDependency section */
		40412E32281BB5AA002309DD /* PBXTargetDependency */ = {
			isa = PBXTargetDependency;
			target = 40AD34C028196E9600F9D006 /* RickAndMorty */;
			targetProxy = 40412E31281BB5AA002309DD /* PBXContainerItemProxy */;
		};
/* End PBXTargetDependency section */

/* Begin PBXVariantGroup section */
		40AD34CF28196E9800F9D006 /* LaunchScreen.storyboard */ = {
			isa = PBXVariantGroup;
			children = (
				40AD34D028196E9800F9D006 /* Base */,
			);
			name = LaunchScreen.storyboard;
			sourceTree = "<group>";
		};
/* End PBXVariantGroup section */

/* Begin XCBuildConfiguration section */
		40412E33281BB5AA002309DD /* Debug */ = {
			isa = XCBuildConfiguration;
			buildSettings = {
				BUNDLE_LOADER = "$(TEST_HOST)";
				CODE_SIGN_STYLE = Automatic;
				CURRENT_PROJECT_VERSION = 1;
				DEVELOPMENT_TEAM = J3G3L895L8;
				GENERATE_INFOPLIST_FILE = YES;
				MARKETING_VERSION = 1.0;
				PRODUCT_BUNDLE_IDENTIFIER = com.nazmiyavuz.RickAndMortyTests;
				PRODUCT_NAME = "$(TARGET_NAME)";
				SWIFT_EMIT_LOC_STRINGS = NO;
				SWIFT_VERSION = 5.0;
				TARGETED_DEVICE_FAMILY = "1,2";
				TEST_HOST = "$(BUILT_PRODUCTS_DIR)/RickAndMorty.app/RickAndMorty";
			};
			name = Debug;
		};
		40412E34281BB5AA002309DD /* Release */ = {
			isa = XCBuildConfiguration;
			buildSettings = {
				BUNDLE_LOADER = "$(TEST_HOST)";
				CODE_SIGN_STYLE = Automatic;
				CURRENT_PROJECT_VERSION = 1;
				DEVELOPMENT_TEAM = J3G3L895L8;
				GENERATE_INFOPLIST_FILE = YES;
				MARKETING_VERSION = 1.0;
				PRODUCT_BUNDLE_IDENTIFIER = com.nazmiyavuz.RickAndMortyTests;
				PRODUCT_NAME = "$(TARGET_NAME)";
				SWIFT_EMIT_LOC_STRINGS = NO;
				SWIFT_VERSION = 5.0;
				TARGETED_DEVICE_FAMILY = "1,2";
				TEST_HOST = "$(BUILT_PRODUCTS_DIR)/RickAndMorty.app/RickAndMorty";
			};
			name = Release;
		};
		40AD34D328196E9800F9D006 /* Debug */ = {
			isa = XCBuildConfiguration;
			buildSettings = {
				ALWAYS_SEARCH_USER_PATHS = NO;
				CLANG_ANALYZER_NONNULL = YES;
				CLANG_ANALYZER_NUMBER_OBJECT_CONVERSION = YES_AGGRESSIVE;
				CLANG_CXX_LANGUAGE_STANDARD = "gnu++17";
				CLANG_ENABLE_MODULES = YES;
				CLANG_ENABLE_OBJC_ARC = YES;
				CLANG_ENABLE_OBJC_WEAK = YES;
				CLANG_WARN_BLOCK_CAPTURE_AUTORELEASING = YES;
				CLANG_WARN_BOOL_CONVERSION = YES;
				CLANG_WARN_COMMA = YES;
				CLANG_WARN_CONSTANT_CONVERSION = YES;
				CLANG_WARN_DEPRECATED_OBJC_IMPLEMENTATIONS = YES;
				CLANG_WARN_DIRECT_OBJC_ISA_USAGE = YES_ERROR;
				CLANG_WARN_DOCUMENTATION_COMMENTS = YES;
				CLANG_WARN_EMPTY_BODY = YES;
				CLANG_WARN_ENUM_CONVERSION = YES;
				CLANG_WARN_INFINITE_RECURSION = YES;
				CLANG_WARN_INT_CONVERSION = YES;
				CLANG_WARN_NON_LITERAL_NULL_CONVERSION = YES;
				CLANG_WARN_OBJC_IMPLICIT_RETAIN_SELF = YES;
				CLANG_WARN_OBJC_LITERAL_CONVERSION = YES;
				CLANG_WARN_OBJC_ROOT_CLASS = YES_ERROR;
				CLANG_WARN_QUOTED_INCLUDE_IN_FRAMEWORK_HEADER = YES;
				CLANG_WARN_RANGE_LOOP_ANALYSIS = YES;
				CLANG_WARN_STRICT_PROTOTYPES = YES;
				CLANG_WARN_SUSPICIOUS_MOVE = YES;
				CLANG_WARN_UNGUARDED_AVAILABILITY = YES_AGGRESSIVE;
				CLANG_WARN_UNREACHABLE_CODE = YES;
				CLANG_WARN__DUPLICATE_METHOD_MATCH = YES;
				COPY_PHASE_STRIP = NO;
				DEBUG_INFORMATION_FORMAT = dwarf;
				ENABLE_STRICT_OBJC_MSGSEND = YES;
				ENABLE_TESTABILITY = YES;
				GCC_C_LANGUAGE_STANDARD = gnu11;
				GCC_DYNAMIC_NO_PIC = NO;
				GCC_NO_COMMON_BLOCKS = YES;
				GCC_OPTIMIZATION_LEVEL = 0;
				GCC_PREPROCESSOR_DEFINITIONS = (
					"DEBUG=1",
					"$(inherited)",
				);
				GCC_WARN_64_TO_32_BIT_CONVERSION = YES;
				GCC_WARN_ABOUT_RETURN_TYPE = YES_ERROR;
				GCC_WARN_UNDECLARED_SELECTOR = YES;
				GCC_WARN_UNINITIALIZED_AUTOS = YES_AGGRESSIVE;
				GCC_WARN_UNUSED_FUNCTION = YES;
				GCC_WARN_UNUSED_VARIABLE = YES;
				IPHONEOS_DEPLOYMENT_TARGET = 15.4;
				MTL_ENABLE_DEBUG_INFO = INCLUDE_SOURCE;
				MTL_FAST_MATH = YES;
				ONLY_ACTIVE_ARCH = YES;
				SDKROOT = iphoneos;
				SWIFT_ACTIVE_COMPILATION_CONDITIONS = DEBUG;
				SWIFT_OPTIMIZATION_LEVEL = "-Onone";
			};
			name = Debug;
		};
		40AD34D428196E9800F9D006 /* Release */ = {
			isa = XCBuildConfiguration;
			buildSettings = {
				ALWAYS_SEARCH_USER_PATHS = NO;
				CLANG_ANALYZER_NONNULL = YES;
				CLANG_ANALYZER_NUMBER_OBJECT_CONVERSION = YES_AGGRESSIVE;
				CLANG_CXX_LANGUAGE_STANDARD = "gnu++17";
				CLANG_ENABLE_MODULES = YES;
				CLANG_ENABLE_OBJC_ARC = YES;
				CLANG_ENABLE_OBJC_WEAK = YES;
				CLANG_WARN_BLOCK_CAPTURE_AUTORELEASING = YES;
				CLANG_WARN_BOOL_CONVERSION = YES;
				CLANG_WARN_COMMA = YES;
				CLANG_WARN_CONSTANT_CONVERSION = YES;
				CLANG_WARN_DEPRECATED_OBJC_IMPLEMENTATIONS = YES;
				CLANG_WARN_DIRECT_OBJC_ISA_USAGE = YES_ERROR;
				CLANG_WARN_DOCUMENTATION_COMMENTS = YES;
				CLANG_WARN_EMPTY_BODY = YES;
				CLANG_WARN_ENUM_CONVERSION = YES;
				CLANG_WARN_INFINITE_RECURSION = YES;
				CLANG_WARN_INT_CONVERSION = YES;
				CLANG_WARN_NON_LITERAL_NULL_CONVERSION = YES;
				CLANG_WARN_OBJC_IMPLICIT_RETAIN_SELF = YES;
				CLANG_WARN_OBJC_LITERAL_CONVERSION = YES;
				CLANG_WARN_OBJC_ROOT_CLASS = YES_ERROR;
				CLANG_WARN_QUOTED_INCLUDE_IN_FRAMEWORK_HEADER = YES;
				CLANG_WARN_RANGE_LOOP_ANALYSIS = YES;
				CLANG_WARN_STRICT_PROTOTYPES = YES;
				CLANG_WARN_SUSPICIOUS_MOVE = YES;
				CLANG_WARN_UNGUARDED_AVAILABILITY = YES_AGGRESSIVE;
				CLANG_WARN_UNREACHABLE_CODE = YES;
				CLANG_WARN__DUPLICATE_METHOD_MATCH = YES;
				COPY_PHASE_STRIP = NO;
				DEBUG_INFORMATION_FORMAT = "dwarf-with-dsym";
				ENABLE_NS_ASSERTIONS = NO;
				ENABLE_STRICT_OBJC_MSGSEND = YES;
				GCC_C_LANGUAGE_STANDARD = gnu11;
				GCC_NO_COMMON_BLOCKS = YES;
				GCC_WARN_64_TO_32_BIT_CONVERSION = YES;
				GCC_WARN_ABOUT_RETURN_TYPE = YES_ERROR;
				GCC_WARN_UNDECLARED_SELECTOR = YES;
				GCC_WARN_UNINITIALIZED_AUTOS = YES_AGGRESSIVE;
				GCC_WARN_UNUSED_FUNCTION = YES;
				GCC_WARN_UNUSED_VARIABLE = YES;
				IPHONEOS_DEPLOYMENT_TARGET = 15.4;
				MTL_ENABLE_DEBUG_INFO = NO;
				MTL_FAST_MATH = YES;
				SDKROOT = iphoneos;
				SWIFT_COMPILATION_MODE = wholemodule;
				SWIFT_OPTIMIZATION_LEVEL = "-O";
				VALIDATE_PRODUCT = YES;
			};
			name = Release;
		};
		40AD34D628196E9800F9D006 /* Debug */ = {
			isa = XCBuildConfiguration;
			baseConfigurationReference = C678AF68B660658F5FDCA30E /* Pods-RickAndMorty.debug.xcconfig */;
			buildSettings = {
				ASSETCATALOG_COMPILER_APPICON_NAME = AppIcon;
				ASSETCATALOG_COMPILER_GLOBAL_ACCENT_COLOR_NAME = AccentColor;
				CODE_SIGN_STYLE = Automatic;
				CURRENT_PROJECT_VERSION = 1;
				DEVELOPMENT_TEAM = J3G3L895L8;
				GENERATE_INFOPLIST_FILE = YES;
				INFOPLIST_FILE = RickAndMorty/Info.plist;
				INFOPLIST_KEY_CFBundleDisplayName = "Rick Morty";
				INFOPLIST_KEY_UIApplicationSupportsIndirectInputEvents = YES;
				INFOPLIST_KEY_UILaunchStoryboardName = LaunchScreen;
				INFOPLIST_KEY_UISupportedInterfaceOrientations_iPad = "UIInterfaceOrientationPortrait UIInterfaceOrientationPortraitUpsideDown UIInterfaceOrientationLandscapeLeft UIInterfaceOrientationLandscapeRight";
				INFOPLIST_KEY_UISupportedInterfaceOrientations_iPhone = "UIInterfaceOrientationPortrait UIInterfaceOrientationLandscapeLeft UIInterfaceOrientationLandscapeRight";
				LD_RUNPATH_SEARCH_PATHS = (
					"$(inherited)",
					"@executable_path/Frameworks",
				);
				MARKETING_VERSION = 1.0;
				PRODUCT_BUNDLE_IDENTIFIER = com.nazmiyavuz.RickAndMorty;
				PRODUCT_NAME = "$(TARGET_NAME)";
				SWIFT_EMIT_LOC_STRINGS = YES;
				SWIFT_VERSION = 5.0;
				TARGETED_DEVICE_FAMILY = "1,2";
			};
			name = Debug;
		};
		40AD34D728196E9800F9D006 /* Release */ = {
			isa = XCBuildConfiguration;
			baseConfigurationReference = C1B3777825FF83AB44EA6BBF /* Pods-RickAndMorty.release.xcconfig */;
			buildSettings = {
				ASSETCATALOG_COMPILER_APPICON_NAME = AppIcon;
				ASSETCATALOG_COMPILER_GLOBAL_ACCENT_COLOR_NAME = AccentColor;
				CODE_SIGN_STYLE = Automatic;
				CURRENT_PROJECT_VERSION = 1;
				DEVELOPMENT_TEAM = J3G3L895L8;
				GENERATE_INFOPLIST_FILE = YES;
				INFOPLIST_FILE = RickAndMorty/Info.plist;
				INFOPLIST_KEY_CFBundleDisplayName = "Rick Morty";
				INFOPLIST_KEY_UIApplicationSupportsIndirectInputEvents = YES;
				INFOPLIST_KEY_UILaunchStoryboardName = LaunchScreen;
				INFOPLIST_KEY_UISupportedInterfaceOrientations_iPad = "UIInterfaceOrientationPortrait UIInterfaceOrientationPortraitUpsideDown UIInterfaceOrientationLandscapeLeft UIInterfaceOrientationLandscapeRight";
				INFOPLIST_KEY_UISupportedInterfaceOrientations_iPhone = "UIInterfaceOrientationPortrait UIInterfaceOrientationLandscapeLeft UIInterfaceOrientationLandscapeRight";
				LD_RUNPATH_SEARCH_PATHS = (
					"$(inherited)",
					"@executable_path/Frameworks",
				);
				MARKETING_VERSION = 1.0;
				PRODUCT_BUNDLE_IDENTIFIER = com.nazmiyavuz.RickAndMorty;
				PRODUCT_NAME = "$(TARGET_NAME)";
				SWIFT_EMIT_LOC_STRINGS = YES;
				SWIFT_VERSION = 5.0;
				TARGETED_DEVICE_FAMILY = "1,2";
			};
			name = Release;
		};
/* End XCBuildConfiguration section */

/* Begin XCConfigurationList section */
		40412E35281BB5AA002309DD /* Build configuration list for PBXNativeTarget "RickAndMortyTests" */ = {
			isa = XCConfigurationList;
			buildConfigurations = (
				40412E33281BB5AA002309DD /* Debug */,
				40412E34281BB5AA002309DD /* Release */,
			);
			defaultConfigurationIsVisible = 0;
			defaultConfigurationName = Release;
		};
		40AD34BC28196E9600F9D006 /* Build configuration list for PBXProject "RickAndMorty" */ = {
			isa = XCConfigurationList;
			buildConfigurations = (
				40AD34D328196E9800F9D006 /* Debug */,
				40AD34D428196E9800F9D006 /* Release */,
			);
			defaultConfigurationIsVisible = 0;
			defaultConfigurationName = Release;
		};
		40AD34D528196E9800F9D006 /* Build configuration list for PBXNativeTarget "RickAndMorty" */ = {
			isa = XCConfigurationList;
			buildConfigurations = (
				40AD34D628196E9800F9D006 /* Debug */,
				40AD34D728196E9800F9D006 /* Release */,
			);
			defaultConfigurationIsVisible = 0;
			defaultConfigurationName = Release;
		};
/* End XCConfigurationList section */
	};
	rootObject = 40AD34B928196E9600F9D006 /* Project object */;
}
